{
  "dependencies": {
    "steam": {
      "version": "0.6.6",
      "dependencies": {
        "adm-zip": {
          "version": "0.4.4"
        },
        "buffer-crc32": {
          "version": "0.2.1"
        },
        "protobuf": {
          "version": "0.8.7"
        },
        "ref": {
          "version": "0.1.3",
          "dependencies": {
            "bindings": {
              "version": "1.2.0"
            },
            "debug": {
              "version": "0.8.0"
            }
          }
        },
        "ursa": {
          "version": "0.8.0"
        }
      }
    },
    "dota2": {
      "version": "https://github.com/kidovate/node-dota2/tarball/a2ece55a82396f00328669b89b82948b1ec73dc9",
      "dependencies": {
        "protobuf": {
          "version": "0.8.7"
        },
        "deferred": {
          "version": "0.7.1",
          "dependencies": {
            "es5-ext": {
              "version": "0.10.3",
              "dependencies": {
                "es6-iterator": {
                  "version": "0.1.1"
                },
                "es6-symbol": {
                  "version": "0.1.0"
                }
              }
            },
            "event-emitter": {
              "version": "0.3.1"
            },
            "d": {
              "version": "0.1.1"
            },
            "next-tick": {
              "version": "0.2.2"
            }
          }
        },
        "bignumber.js": {
          "version": "1.3.0"
        }
      }
    },
    "steamidconvert": {
      "version": "0.2.2",
      "dependencies": {
        "bignumber.js": {
          "version": "1.0.1"
        }
      }
    },
    "random-words": {
      "version": "0.0.1"
    }
  }
}
